# @generated by Move, please check-in and do not edit manually.

[move]
version = 0
manifest_digest = "5182700207B52A4467A90B5FBD97C356946DA2434ABCE35203F507B4E49A755E"
deps_digest = "112928C94A84031C09CD9B9D1D44B149B73FC0EEA5FA8D8B2D7CA4D91936335A"

dependencies = [
  { name = "Sui" },
]

[[move.package]]
name = "MoveStdlib"
source = { local = "/home/wlq/Project/MoveBit/sui/crates/sui-framework/packages/move-stdlib" }

[[move.package]]
name = "Sui"
source = { local = "/home/wlq/Project/MoveBit/sui/crates/sui-framework/packages/sui-framework" }

dependencies = [
  { name = "MoveStdlib" },
]
